// !$*UTF8*$!
{
	archiveVersion = 1;
	classes = {
	};
	objectVersion = 56;
	objects = {

/* Begin PBXBuildFile section */
		04045DD22B28A21200502577 /* FavoriteTab.swift in Sources */ = {isa = PBXBuildFile; fileRef = 04045DD12B28A21200502577 /* FavoriteTab.swift */; };
		04045DD42B28A67800502577 /* SizePreferenceKey.swift in Sources */ = {isa = PBXBuildFile; fileRef = 04045DD32B28A67800502577 /* SizePreferenceKey.swift */; };
		04045DD62B28AE8400502577 /* Compareable.swift in Sources */ = {isa = PBXBuildFile; fileRef = 04045DD52B28AE8400502577 /* Compareable.swift */; };
		04045DD82B28B3EC00502577 /* ResizeableVStack.swift in Sources */ = {isa = PBXBuildFile; fileRef = 04045DD72B28B3EC00502577 /* ResizeableVStack.swift */; };
		0436FF902B306DEA0034438D /* NavigationStackState.swift in Sources */ = {isa = PBXBuildFile; fileRef = 0436FF8F2B306DEA0034438D /* NavigationStackState.swift */; };
		0436FF922B3084A00034438D /* Route.swift in Sources */ = {isa = PBXBuildFile; fileRef = 0436FF912B3084A00034438D /* Route.swift */; };
		04564B7E2B27456700A6D7ED /* thecoffeeshopApp.swift in Sources */ = {isa = PBXBuildFile; fileRef = 04564B7D2B27456700A6D7ED /* thecoffeeshopApp.swift */; };
		04564B802B27456700A6D7ED /* ContentView.swift in Sources */ = {isa = PBXBuildFile; fileRef = 04564B7F2B27456700A6D7ED /* ContentView.swift */; };
		04564B822B27456800A6D7ED /* Assets.xcassets in Resources */ = {isa = PBXBuildFile; fileRef = 04564B812B27456800A6D7ED /* Assets.xcassets */; };
		04564B852B27456800A6D7ED /* Preview Assets.xcassets in Resources */ = {isa = PBXBuildFile; fileRef = 04564B842B27456800A6D7ED /* Preview Assets.xcassets */; };
		04564BA92B27464E00A6D7ED /* Landing.swift in Sources */ = {isa = PBXBuildFile; fileRef = 04564BA82B27464E00A6D7ED /* Landing.swift */; };
		04564BAC2B27495B00A6D7ED /* Color.swift in Sources */ = {isa = PBXBuildFile; fileRef = 04564BAB2B27495B00A6D7ED /* Color.swift */; };
		04564BAF2B274EE300A6D7ED /* ElevatedButton.swift in Sources */ = {isa = PBXBuildFile; fileRef = 04564BAE2B274EE300A6D7ED /* ElevatedButton.swift */; };
		04564BB12B27544F00A6D7ED /* Home.swift in Sources */ = {isa = PBXBuildFile; fileRef = 04564BB02B27544F00A6D7ED /* Home.swift */; };
		04564BB32B275AEA00A6D7ED /* HomeTab.swift in Sources */ = {isa = PBXBuildFile; fileRef = 04564BB22B275AEA00A6D7ED /* HomeTab.swift */; };
		049E08662B27CEA300842B7D /* UserTitle.swift in Sources */ = {isa = PBXBuildFile; fileRef = 049E08652B27CEA300842B7D /* UserTitle.swift */; };
		C004160D2B2C32060066554C /* LinearStepIndicator.swift in Sources */ = {isa = PBXBuildFile; fileRef = C004160C2B2C32060066554C /* LinearStepIndicator.swift */; };
		C004160F2B2C4D6E0066554C /* Image.swift in Sources */ = {isa = PBXBuildFile; fileRef = C004160E2B2C4D6E0066554C /* Image.swift */; };
		C00416112B2C4FAE0066554C /* Common.swift in Sources */ = {isa = PBXBuildFile; fileRef = C00416102B2C4FAE0066554C /* Common.swift */; };
		C01B4ABB2B9195A8002D351D /* Root.swift in Sources */ = {isa = PBXBuildFile; fileRef = C01B4ABA2B9195A8002D351D /* Root.swift */; };
		C01B4ABD2B9195B2002D351D /* Login.swift in Sources */ = {isa = PBXBuildFile; fileRef = C01B4ABC2B9195B2002D351D /* Login.swift */; };
		C028979F2B295662009A6D5F /* DrinkDetail.swift in Sources */ = {isa = PBXBuildFile; fileRef = C028979E2B295662009A6D5F /* DrinkDetail.swift */; };
		C02897A32B29B5A5009A6D5F /* DrinkSize.swift in Sources */ = {isa = PBXBuildFile; fileRef = C02897A22B29B5A5009A6D5F /* DrinkSize.swift */; };
		C02897A52B29BBC6009A6D5F /* CardQuantityPicker.swift in Sources */ = {isa = PBXBuildFile; fileRef = C02897A42B29BBC6009A6D5F /* CardQuantityPicker.swift */; };
		C0371CF72B3150A0004F5FEB /* APIEndpoint.swift in Sources */ = {isa = PBXBuildFile; fileRef = C0371CF62B3150A0004F5FEB /* APIEndpoint.swift */; };
		C0371CFB2B3154CF004F5FEB /* APIClient.swift in Sources */ = {isa = PBXBuildFile; fileRef = C0371CFA2B3154CF004F5FEB /* APIClient.swift */; };
		C08BFFB52B2FFB6000541A63 /* TrackingMap.swift in Sources */ = {isa = PBXBuildFile; fileRef = C08BFFB42B2FFB6000541A63 /* TrackingMap.swift */; };
		C08E9B522B35622E0026862A /* .swiftlint.yml in Resources */ = {isa = PBXBuildFile; fileRef = C08E9B502B3561F50026862A /* .swiftlint.yml */; };
		C08E9B542B35845C0026862A /* DrinkCoffee.swift in Sources */ = {isa = PBXBuildFile; fileRef = C08E9B532B35845C0026862A /* DrinkCoffee.swift */; };
		C08E9B572B3585390026862A /* CoffeeEndpoint.swift in Sources */ = {isa = PBXBuildFile; fileRef = C08E9B562B3585390026862A /* CoffeeEndpoint.swift */; };
		C08E9B5B2B358A980026862A /* CoffeeViewModel.swift in Sources */ = {isa = PBXBuildFile; fileRef = C08E9B5A2B358A980026862A /* CoffeeViewModel.swift */; };
		C08E9B5D2B358B400026862A /* CoffeeService.swift in Sources */ = {isa = PBXBuildFile; fileRef = C08E9B5C2B358B400026862A /* CoffeeService.swift */; };
		C091B84D2B3973E400D2349A /* CachedAsyncImage in Frameworks */ = {isa = PBXBuildFile; productRef = C091B84C2B3973E400D2349A /* CachedAsyncImage */; };
		C0B6AF0B2B2AA4CD00EA918A /* OrderPage.swift in Sources */ = {isa = PBXBuildFile; fileRef = C0B6AF0A2B2AA4CD00EA918A /* OrderPage.swift */; };
		C0B6AF0D2B2ABE3400EA918A /* CustomDivider.swift in Sources */ = {isa = PBXBuildFile; fileRef = C0B6AF0C2B2ABE3400EA918A /* CustomDivider.swift */; };
		C0B6AF0F2B2AF35900EA918A /* SegmentPicker.swift in Sources */ = {isa = PBXBuildFile; fileRef = C0B6AF0E2B2AF35900EA918A /* SegmentPicker.swift */; };
		C0CE72A72B27FB2C00897D53 /* TextPlaceHolder.swift in Sources */ = {isa = PBXBuildFile; fileRef = C0CE72A62B27FB2C00897D53 /* TextPlaceHolder.swift */; };
		C0CE72AA2B282E5500897D53 /* DrinkItem.swift in Sources */ = {isa = PBXBuildFile; fileRef = C0CE72A92B282E5500897D53 /* DrinkItem.swift */; };
		C0CE72AC2B2830CC00897D53 /* DinkCard.swift in Sources */ = {isa = PBXBuildFile; fileRef = C0CE72AB2B2830CC00897D53 /* DinkCard.swift */; };
		C0CE72AE2B283FA800897D53 /* GridDrinkItemCard.swift in Sources */ = {isa = PBXBuildFile; fileRef = C0CE72AD2B283FA800897D53 /* GridDrinkItemCard.swift */; };
		C0CE72B02B284AC700897D53 /* DrinkSection.swift in Sources */ = {isa = PBXBuildFile; fileRef = C0CE72AF2B284AC700897D53 /* DrinkSection.swift */; };
/* End PBXBuildFile section */

/* Begin PBXFileReference section */
		04045DD12B28A21200502577 /* FavoriteTab.swift */ = {isa = PBXFileReference; lastKnownFileType = sourcecode.swift; path = FavoriteTab.swift; sourceTree = "<group>"; };
		04045DD32B28A67800502577 /* SizePreferenceKey.swift */ = {isa = PBXFileReference; fileEncoding = 4; lastKnownFileType = sourcecode.swift; path = SizePreferenceKey.swift; sourceTree = "<group>"; };
		04045DD52B28AE8400502577 /* Compareable.swift */ = {isa = PBXFileReference; lastKnownFileType = sourcecode.swift; path = Compareable.swift; sourceTree = "<group>"; };
		04045DD72B28B3EC00502577 /* ResizeableVStack.swift */ = {isa = PBXFileReference; lastKnownFileType = sourcecode.swift; path = ResizeableVStack.swift; sourceTree = "<group>"; };
		0436FF8F2B306DEA0034438D /* NavigationStackState.swift */ = {isa = PBXFileReference; lastKnownFileType = sourcecode.swift; path = NavigationStackState.swift; sourceTree = "<group>"; };
		0436FF912B3084A00034438D /* Route.swift */ = {isa = PBXFileReference; lastKnownFileType = sourcecode.swift; path = Route.swift; sourceTree = "<group>"; };
		04564B7A2B27456700A6D7ED /* thecoffeeshop.app */ = {isa = PBXFileReference; explicitFileType = wrapper.application; includeInIndex = 0; path = thecoffeeshop.app; sourceTree = BUILT_PRODUCTS_DIR; };
		04564B7D2B27456700A6D7ED /* thecoffeeshopApp.swift */ = {isa = PBXFileReference; lastKnownFileType = sourcecode.swift; path = thecoffeeshopApp.swift; sourceTree = "<group>"; };
		04564B7F2B27456700A6D7ED /* ContentView.swift */ = {isa = PBXFileReference; lastKnownFileType = sourcecode.swift; path = ContentView.swift; sourceTree = "<group>"; };
		04564B812B27456800A6D7ED /* Assets.xcassets */ = {isa = PBXFileReference; lastKnownFileType = folder.assetcatalog; path = Assets.xcassets; sourceTree = "<group>"; };
		04564B842B27456800A6D7ED /* Preview Assets.xcassets */ = {isa = PBXFileReference; lastKnownFileType = folder.assetcatalog; path = "Preview Assets.xcassets"; sourceTree = "<group>"; };
		04564BA82B27464E00A6D7ED /* Landing.swift */ = {isa = PBXFileReference; lastKnownFileType = sourcecode.swift; path = Landing.swift; sourceTree = "<group>"; };
		04564BAB2B27495B00A6D7ED /* Color.swift */ = {isa = PBXFileReference; lastKnownFileType = sourcecode.swift; path = Color.swift; sourceTree = "<group>"; };
		04564BAE2B274EE300A6D7ED /* ElevatedButton.swift */ = {isa = PBXFileReference; lastKnownFileType = sourcecode.swift; path = ElevatedButton.swift; sourceTree = "<group>"; };
		04564BB02B27544F00A6D7ED /* Home.swift */ = {isa = PBXFileReference; lastKnownFileType = sourcecode.swift; path = Home.swift; sourceTree = "<group>"; };
		04564BB22B275AEA00A6D7ED /* HomeTab.swift */ = {isa = PBXFileReference; lastKnownFileType = sourcecode.swift; path = HomeTab.swift; sourceTree = "<group>"; };
		049E08652B27CEA300842B7D /* UserTitle.swift */ = {isa = PBXFileReference; lastKnownFileType = sourcecode.swift; path = UserTitle.swift; sourceTree = "<group>"; };
		C004160C2B2C32060066554C /* LinearStepIndicator.swift */ = {isa = PBXFileReference; lastKnownFileType = sourcecode.swift; path = LinearStepIndicator.swift; sourceTree = "<group>"; };
		C004160E2B2C4D6E0066554C /* Image.swift */ = {isa = PBXFileReference; lastKnownFileType = sourcecode.swift; path = Image.swift; sourceTree = "<group>"; };
		C00416102B2C4FAE0066554C /* Common.swift */ = {isa = PBXFileReference; lastKnownFileType = sourcecode.swift; path = Common.swift; sourceTree = "<group>"; };
		C01B4ABA2B9195A8002D351D /* Root.swift */ = {isa = PBXFileReference; lastKnownFileType = sourcecode.swift; path = Root.swift; sourceTree = "<group>"; };
		C01B4ABC2B9195B2002D351D /* Login.swift */ = {isa = PBXFileReference; lastKnownFileType = sourcecode.swift; path = Login.swift; sourceTree = "<group>"; };
		C028979E2B295662009A6D5F /* DrinkDetail.swift */ = {isa = PBXFileReference; lastKnownFileType = sourcecode.swift; path = DrinkDetail.swift; sourceTree = "<group>"; };
		C02897A22B29B5A5009A6D5F /* DrinkSize.swift */ = {isa = PBXFileReference; lastKnownFileType = sourcecode.swift; path = DrinkSize.swift; sourceTree = "<group>"; };
		C02897A42B29BBC6009A6D5F /* CardQuantityPicker.swift */ = {isa = PBXFileReference; lastKnownFileType = sourcecode.swift; path = CardQuantityPicker.swift; sourceTree = "<group>"; };
		C0371CF62B3150A0004F5FEB /* APIEndpoint.swift */ = {isa = PBXFileReference; lastKnownFileType = sourcecode.swift; path = APIEndpoint.swift; sourceTree = "<group>"; };
		C0371CFA2B3154CF004F5FEB /* APIClient.swift */ = {isa = PBXFileReference; lastKnownFileType = sourcecode.swift; path = APIClient.swift; sourceTree = "<group>"; };
		C08BFFB42B2FFB6000541A63 /* TrackingMap.swift */ = {isa = PBXFileReference; lastKnownFileType = sourcecode.swift; path = TrackingMap.swift; sourceTree = "<group>"; };
		C08E9B502B3561F50026862A /* .swiftlint.yml */ = {isa = PBXFileReference; lastKnownFileType = text.yaml; path = .swiftlint.yml; sourceTree = "<group>"; };
		C08E9B532B35845C0026862A /* DrinkCoffee.swift */ = {isa = PBXFileReference; lastKnownFileType = sourcecode.swift; path = DrinkCoffee.swift; sourceTree = "<group>"; };
		C08E9B562B3585390026862A /* CoffeeEndpoint.swift */ = {isa = PBXFileReference; lastKnownFileType = sourcecode.swift; path = CoffeeEndpoint.swift; sourceTree = "<group>"; };
		C08E9B5A2B358A980026862A /* CoffeeViewModel.swift */ = {isa = PBXFileReference; lastKnownFileType = sourcecode.swift; path = CoffeeViewModel.swift; sourceTree = "<group>"; };
		C08E9B5C2B358B400026862A /* CoffeeService.swift */ = {isa = PBXFileReference; lastKnownFileType = sourcecode.swift; path = CoffeeService.swift; sourceTree = "<group>"; };
		C0B6AF0A2B2AA4CD00EA918A /* OrderPage.swift */ = {isa = PBXFileReference; lastKnownFileType = sourcecode.swift; path = OrderPage.swift; sourceTree = "<group>"; };
		C0B6AF0C2B2ABE3400EA918A /* CustomDivider.swift */ = {isa = PBXFileReference; lastKnownFileType = sourcecode.swift; path = CustomDivider.swift; sourceTree = "<group>"; };
		C0B6AF0E2B2AF35900EA918A /* SegmentPicker.swift */ = {isa = PBXFileReference; lastKnownFileType = sourcecode.swift; path = SegmentPicker.swift; sourceTree = "<group>"; };
		C0CE72A62B27FB2C00897D53 /* TextPlaceHolder.swift */ = {isa = PBXFileReference; lastKnownFileType = sourcecode.swift; path = TextPlaceHolder.swift; sourceTree = "<group>"; };
		C0CE72A92B282E5500897D53 /* DrinkItem.swift */ = {isa = PBXFileReference; lastKnownFileType = sourcecode.swift; path = DrinkItem.swift; sourceTree = "<group>"; };
		C0CE72AB2B2830CC00897D53 /* DinkCard.swift */ = {isa = PBXFileReference; lastKnownFileType = sourcecode.swift; path = DinkCard.swift; sourceTree = "<group>"; };
		C0CE72AD2B283FA800897D53 /* GridDrinkItemCard.swift */ = {isa = PBXFileReference; lastKnownFileType = sourcecode.swift; path = GridDrinkItemCard.swift; sourceTree = "<group>"; };
		C0CE72AF2B284AC700897D53 /* DrinkSection.swift */ = {isa = PBXFileReference; lastKnownFileType = sourcecode.swift; path = DrinkSection.swift; sourceTree = "<group>"; };
/* End PBXFileReference section */

/* Begin PBXFrameworksBuildPhase section */
		04564B772B27456700A6D7ED /* Frameworks */ = {
			isa = PBXFrameworksBuildPhase;
			buildActionMask = 2147483647;
			files = (
				C091B84D2B3973E400D2349A /* CachedAsyncImage in Frameworks */,
			);
			runOnlyForDeploymentPostprocessing = 0;
		};
/* End PBXFrameworksBuildPhase section */

/* Begin PBXGroup section */
		04564B712B27456700A6D7ED = {
			isa = PBXGroup;
			children = (
				04564B7C2B27456700A6D7ED /* thecoffeeshop */,
				04564B7B2B27456700A6D7ED /* Products */,
			);
			sourceTree = "<group>";
		};
		04564B7B2B27456700A6D7ED /* Products */ = {
			isa = PBXGroup;
			children = (
				04564B7A2B27456700A6D7ED /* thecoffeeshop.app */,
			);
			name = Products;
			sourceTree = "<group>";
		};
		04564B7C2B27456700A6D7ED /* thecoffeeshop */ = {
			isa = PBXGroup;
			children = (
				C0371CFC2B315A56004F5FEB /* Data */,
				C0371CFD2B315A65004F5FEB /* Service */,
				C0371D032B316E3F004F5FEB /* Utils */,
				C0371D002B316B1A004F5FEB /* Domain */,
				C0CE72A82B282E1400897D53 /* ViewModel */,
				04564BA72B27464100A6D7ED /* View */,
				04564B7D2B27456700A6D7ED /* thecoffeeshopApp.swift */,
				04564B7F2B27456700A6D7ED /* ContentView.swift */,
				0436FF912B3084A00034438D /* Route.swift */,
				04564B812B27456800A6D7ED /* Assets.xcassets */,
				04564B832B27456800A6D7ED /* Preview Content */,
				C08E9B502B3561F50026862A /* .swiftlint.yml */,
			);
			path = thecoffeeshop;
			sourceTree = "<group>";
		};
		04564B832B27456800A6D7ED /* Preview Content */ = {
			isa = PBXGroup;
			children = (
				04564B842B27456800A6D7ED /* Preview Assets.xcassets */,
			);
			path = "Preview Content";
			sourceTree = "<group>";
		};
		04564BA72B27464100A6D7ED /* View */ = {
			isa = PBXGroup;
			children = (
				C08BFFB42B2FFB6000541A63 /* TrackingMap.swift */,
				04564BA82B27464E00A6D7ED /* Landing.swift */,
				04564BB02B27544F00A6D7ED /* Home.swift */,
				04564BB22B275AEA00A6D7ED /* HomeTab.swift */,
				04045DD12B28A21200502577 /* FavoriteTab.swift */,
				C028979E2B295662009A6D5F /* DrinkDetail.swift */,
				C0B6AF0A2B2AA4CD00EA918A /* OrderPage.swift */,
				C01B4ABA2B9195A8002D351D /* Root.swift */,
				C01B4ABC2B9195B2002D351D /* Login.swift */,
			);
			path = View;
			sourceTree = "<group>";
		};
		04564BAA2B27494800A6D7ED /* Modifier */ = {
			isa = PBXGroup;
			children = (
				04045DD32B28A67800502577 /* SizePreferenceKey.swift */,
				04564BAB2B27495B00A6D7ED /* Color.swift */,
				C0CE72A62B27FB2C00897D53 /* TextPlaceHolder.swift */,
				04045DD52B28AE8400502577 /* Compareable.swift */,
				C004160E2B2C4D6E0066554C /* Image.swift */,
				C00416102B2C4FAE0066554C /* Common.swift */,
			);
			path = Modifier;
			sourceTree = "<group>";
		};
		04564BAD2B274EC700A6D7ED /* Component */ = {
			isa = PBXGroup;
			children = (
				04564BAE2B274EE300A6D7ED /* ElevatedButton.swift */,
				049E08652B27CEA300842B7D /* UserTitle.swift */,
				C0CE72AB2B2830CC00897D53 /* DinkCard.swift */,
				C0CE72AD2B283FA800897D53 /* GridDrinkItemCard.swift */,
				04045DD72B28B3EC00502577 /* ResizeableVStack.swift */,
				C02897A42B29BBC6009A6D5F /* CardQuantityPicker.swift */,
				C0B6AF0C2B2ABE3400EA918A /* CustomDivider.swift */,
				C0B6AF0E2B2AF35900EA918A /* SegmentPicker.swift */,
				C004160C2B2C32060066554C /* LinearStepIndicator.swift */,
			);
			path = Component;
			sourceTree = "<group>";
		};
		C0371CF52B315065004F5FEB /* Network */ = {
			isa = PBXGroup;
			children = (
				C0371CF62B3150A0004F5FEB /* APIEndpoint.swift */,
				C0371CFA2B3154CF004F5FEB /* APIClient.swift */,
				C08E9B562B3585390026862A /* CoffeeEndpoint.swift */,
			);
			path = Network;
			sourceTree = "<group>";
		};
		C0371CFC2B315A56004F5FEB /* Data */ = {
			isa = PBXGroup;
			children = (
				C08E9B552B3584E90026862A /* Local */,
				C0371CF52B315065004F5FEB /* Network */,
			);
			path = Data;
			sourceTree = "<group>";
		};
		C0371CFD2B315A65004F5FEB /* Service */ = {
			isa = PBXGroup;
			children = (
				C08E9B5C2B358B400026862A /* CoffeeService.swift */,
			);
			path = Service;
			sourceTree = "<group>";
		};
		C0371D002B316B1A004F5FEB /* Domain */ = {
			isa = PBXGroup;
			children = (
				C08E9B532B35845C0026862A /* DrinkCoffee.swift */,
			);
			path = Domain;
			sourceTree = "<group>";
		};
		C0371D032B316E3F004F5FEB /* Utils */ = {
			isa = PBXGroup;
			children = (
				04564BAD2B274EC700A6D7ED /* Component */,
				04564BAA2B27494800A6D7ED /* Modifier */,
			);
			path = Utils;
			sourceTree = "<group>";
		};
		C08E9B552B3584E90026862A /* Local */ = {
			isa = PBXGroup;
			children = (
			);
			path = Local;
			sourceTree = "<group>";
		};
		C0CE72A82B282E1400897D53 /* ViewModel */ = {
			isa = PBXGroup;
			children = (
				C0CE72A92B282E5500897D53 /* DrinkItem.swift */,
				C0CE72AF2B284AC700897D53 /* DrinkSection.swift */,
				C02897A22B29B5A5009A6D5F /* DrinkSize.swift */,
				0436FF8F2B306DEA0034438D /* NavigationStackState.swift */,
				C08E9B5A2B358A980026862A /* CoffeeViewModel.swift */,
			);
			path = ViewModel;
			sourceTree = "<group>";
		};
/* End PBXGroup section */

/* Begin PBXNativeTarget section */
		04564B792B27456700A6D7ED /* thecoffeeshop */ = {
			isa = PBXNativeTarget;
			buildConfigurationList = 04564B9E2B27456800A6D7ED /* Build configuration list for PBXNativeTarget "thecoffeeshop" */;
			buildPhases = (
				04564B762B27456700A6D7ED /* Sources */,
				04564B772B27456700A6D7ED /* Frameworks */,
				04564B782B27456700A6D7ED /* Resources */,
				C04085722B3542C300C86B85 /* Run Script */,
			);
			buildRules = (
			);
			dependencies = (
			);
			name = thecoffeeshop;
			packageProductDependencies = (
				C091B84C2B3973E400D2349A /* CachedAsyncImage */,
			);
			productName = thecoffeeshop;
			productReference = 04564B7A2B27456700A6D7ED /* thecoffeeshop.app */;
			productType = "com.apple.product-type.application";
		};
/* End PBXNativeTarget section */

/* Begin PBXProject section */
		04564B722B27456700A6D7ED /* Project object */ = {
			isa = PBXProject;
			attributes = {
				BuildIndependentTargetsInParallel = 1;
				LastSwiftUpdateCheck = 1500;
				LastUpgradeCheck = 1500;
				TargetAttributes = {
					04564B792B27456700A6D7ED = {
						CreatedOnToolsVersion = 15.0.1;
					};
				};
			};
			buildConfigurationList = 04564B752B27456700A6D7ED /* Build configuration list for PBXProject "thecoffeeshop" */;
			compatibilityVersion = "Xcode 14.0";
			developmentRegion = en;
			hasScannedForEncodings = 0;
			knownRegions = (
				en,
				Base,
			);
			mainGroup = 04564B712B27456700A6D7ED;
			packageReferences = (
				C091B84B2B3973E400D2349A /* XCRemoteSwiftPackageReference "swiftui-cached-async-image" */,
			);
			productRefGroup = 04564B7B2B27456700A6D7ED /* Products */;
			projectDirPath = "";
			projectRoot = "";
			targets = (
				04564B792B27456700A6D7ED /* thecoffeeshop */,
			);
		};
/* End PBXProject section */

/* Begin PBXResourcesBuildPhase section */
		04564B782B27456700A6D7ED /* Resources */ = {
			isa = PBXResourcesBuildPhase;
			buildActionMask = 2147483647;
			files = (
				C08E9B522B35622E0026862A /* .swiftlint.yml in Resources */,
				04564B852B27456800A6D7ED /* Preview Assets.xcassets in Resources */,
				04564B822B27456800A6D7ED /* Assets.xcassets in Resources */,
			);
			runOnlyForDeploymentPostprocessing = 0;
		};
/* End PBXResourcesBuildPhase section */

/* Begin PBXShellScriptBuildPhase section */
		C04085722B3542C300C86B85 /* Run Script */ = {
			isa = PBXShellScriptBuildPhase;
			alwaysOutOfDate = 1;
			buildActionMask = 12;
			files = (
			);
			inputFileListPaths = (
			);
			inputPaths = (
			);
			name = "Run Script";
			outputFileListPaths = (
			);
			outputPaths = (
			);
			runOnlyForDeploymentPostprocessing = 0;
			shellPath = /bin/sh;
			shellScript = "export PATH=\"$PATH:/opt/homebrew/bin\"\n\nif which swiftlint >/dev/null; then\n  swiftlint\nelse\n  echo \"warning: SwiftLint not installed, download from https://github.com/realm/SwiftLint\"\nfi\n";
		};
/* End PBXShellScriptBuildPhase section */

/* Begin PBXSourcesBuildPhase section */
		04564B762B27456700A6D7ED /* Sources */ = {
			isa = PBXSourcesBuildPhase;
			buildActionMask = 2147483647;
			files = (
				04564B802B27456700A6D7ED /* ContentView.swift in Sources */,
				C0CE72AA2B282E5500897D53 /* DrinkItem.swift in Sources */,
				0436FF922B3084A00034438D /* Route.swift in Sources */,
				04564BAF2B274EE300A6D7ED /* ElevatedButton.swift in Sources */,
				C0371CFB2B3154CF004F5FEB /* APIClient.swift in Sources */,
				C01B4ABB2B9195A8002D351D /* Root.swift in Sources */,
				C0CE72AE2B283FA800897D53 /* GridDrinkItemCard.swift in Sources */,
				C0B6AF0B2B2AA4CD00EA918A /* OrderPage.swift in Sources */,
				C02897A32B29B5A5009A6D5F /* DrinkSize.swift in Sources */,
				C0B6AF0D2B2ABE3400EA918A /* CustomDivider.swift in Sources */,
				04564BAC2B27495B00A6D7ED /* Color.swift in Sources */,
				C028979F2B295662009A6D5F /* DrinkDetail.swift in Sources */,
				C08BFFB52B2FFB6000541A63 /* TrackingMap.swift in Sources */,
				C0CE72B02B284AC700897D53 /* DrinkSection.swift in Sources */,
				C08E9B572B3585390026862A /* CoffeeEndpoint.swift in Sources */,
				C00416112B2C4FAE0066554C /* Common.swift in Sources */,
				C08E9B542B35845C0026862A /* DrinkCoffee.swift in Sources */,
				C0371CF72B3150A0004F5FEB /* APIEndpoint.swift in Sources */,
				C004160D2B2C32060066554C /* LinearStepIndicator.swift in Sources */,
				049E08662B27CEA300842B7D /* UserTitle.swift in Sources */,
				04045DD62B28AE8400502577 /* Compareable.swift in Sources */,
				C0CE72AC2B2830CC00897D53 /* DinkCard.swift in Sources */,
				C02897A52B29BBC6009A6D5F /* CardQuantityPicker.swift in Sources */,
				C01B4ABD2B9195B2002D351D /* Login.swift in Sources */,
				04045DD22B28A21200502577 /* FavoriteTab.swift in Sources */,
				04564B7E2B27456700A6D7ED /* thecoffeeshopApp.swift in Sources */,
				0436FF902B306DEA0034438D /* NavigationStackState.swift in Sources */,
				C0CE72A72B27FB2C00897D53 /* TextPlaceHolder.swift in Sources */,
				C004160F2B2C4D6E0066554C /* Image.swift in Sources */,
				04564BB12B27544F00A6D7ED /* Home.swift in Sources */,
				04564BB32B275AEA00A6D7ED /* HomeTab.swift in Sources */,
				04564BA92B27464E00A6D7ED /* Landing.swift in Sources */,
				04045DD82B28B3EC00502577 /* ResizeableVStack.swift in Sources */,
				04045DD42B28A67800502577 /* SizePreferenceKey.swift in Sources */,
				C08E9B5B2B358A980026862A /* CoffeeViewModel.swift in Sources */,
				C0B6AF0F2B2AF35900EA918A /* SegmentPicker.swift in Sources */,
				C08E9B5D2B358B400026862A /* CoffeeService.swift in Sources */,
			);
			runOnlyForDeploymentPostprocessing = 0;
		};
/* End PBXSourcesBuildPhase section */

/* Begin XCBuildConfiguration section */
		04564B9C2B27456800A6D7ED /* Debug */ = {
			isa = XCBuildConfiguration;
			buildSettings = {
				ALWAYS_SEARCH_USER_PATHS = NO;
				ASSETCATALOG_COMPILER_GENERATE_SWIFT_ASSET_SYMBOL_EXTENSIONS = YES;
				CLANG_ANALYZER_NONNULL = YES;
				CLANG_ANALYZER_NUMBER_OBJECT_CONVERSION = YES_AGGRESSIVE;
				CLANG_CXX_LANGUAGE_STANDARD = "gnu++20";
				CLANG_ENABLE_MODULES = YES;
				CLANG_ENABLE_OBJC_ARC = YES;
				CLANG_ENABLE_OBJC_WEAK = YES;
				CLANG_WARN_BLOCK_CAPTURE_AUTORELEASING = YES;
				CLANG_WARN_BOOL_CONVERSION = YES;
				CLANG_WARN_COMMA = YES;
				CLANG_WARN_CONSTANT_CONVERSION = YES;
				CLANG_WARN_DEPRECATED_OBJC_IMPLEMENTATIONS = YES;
				CLANG_WARN_DIRECT_OBJC_ISA_USAGE = YES_ERROR;
				CLANG_WARN_DOCUMENTATION_COMMENTS = YES;
				CLANG_WARN_EMPTY_BODY = YES;
				CLANG_WARN_ENUM_CONVERSION = YES;
				CLANG_WARN_INFINITE_RECURSION = YES;
				CLANG_WARN_INT_CONVERSION = YES;
				CLANG_WARN_NON_LITERAL_NULL_CONVERSION = YES;
				CLANG_WARN_OBJC_IMPLICIT_RETAIN_SELF = YES;
				CLANG_WARN_OBJC_LITERAL_CONVERSION = YES;
				CLANG_WARN_OBJC_ROOT_CLASS = YES_ERROR;
				CLANG_WARN_QUOTED_INCLUDE_IN_FRAMEWORK_HEADER = YES;
				CLANG_WARN_RANGE_LOOP_ANALYSIS = YES;
				CLANG_WARN_STRICT_PROTOTYPES = YES;
				CLANG_WARN_SUSPICIOUS_MOVE = YES;
				CLANG_WARN_UNGUARDED_AVAILABILITY = YES_AGGRESSIVE;
				CLANG_WARN_UNREACHABLE_CODE = YES;
				CLANG_WARN__DUPLICATE_METHOD_MATCH = YES;
				COPY_PHASE_STRIP = NO;
				DEBUG_INFORMATION_FORMAT = dwarf;
				ENABLE_STRICT_OBJC_MSGSEND = YES;
				ENABLE_TESTABILITY = YES;
				ENABLE_USER_SCRIPT_SANDBOXING = YES;
				GCC_C_LANGUAGE_STANDARD = gnu17;
				GCC_DYNAMIC_NO_PIC = NO;
				GCC_NO_COMMON_BLOCKS = YES;
				GCC_OPTIMIZATION_LEVEL = 0;
				GCC_PREPROCESSOR_DEFINITIONS = (
					"DEBUG=1",
					"$(inherited)",
				);
				GCC_WARN_64_TO_32_BIT_CONVERSION = YES;
				GCC_WARN_ABOUT_RETURN_TYPE = YES_ERROR;
				GCC_WARN_UNDECLARED_SELECTOR = YES;
				GCC_WARN_UNINITIALIZED_AUTOS = YES_AGGRESSIVE;
				GCC_WARN_UNUSED_FUNCTION = YES;
				GCC_WARN_UNUSED_VARIABLE = YES;
				IPHONEOS_DEPLOYMENT_TARGET = 17.0;
				LOCALIZATION_PREFERS_STRING_CATALOGS = YES;
				MTL_ENABLE_DEBUG_INFO = INCLUDE_SOURCE;
				MTL_FAST_MATH = YES;
				ONLY_ACTIVE_ARCH = YES;
				SDKROOT = iphoneos;
				SWIFT_ACTIVE_COMPILATION_CONDITIONS = "DEBUG $(inherited)";
				SWIFT_OPTIMIZATION_LEVEL = "-Onone";
			};
			name = Debug;
		};
		04564B9D2B27456800A6D7ED /* Release */ = {
			isa = XCBuildConfiguration;
			buildSettings = {
				ALWAYS_SEARCH_USER_PATHS = NO;
				ASSETCATALOG_COMPILER_GENERATE_SWIFT_ASSET_SYMBOL_EXTENSIONS = YES;
				CLANG_ANALYZER_NONNULL = YES;
				CLANG_ANALYZER_NUMBER_OBJECT_CONVERSION = YES_AGGRESSIVE;
				CLANG_CXX_LANGUAGE_STANDARD = "gnu++20";
				CLANG_ENABLE_MODULES = YES;
				CLANG_ENABLE_OBJC_ARC = YES;
				CLANG_ENABLE_OBJC_WEAK = YES;
				CLANG_WARN_BLOCK_CAPTURE_AUTORELEASING = YES;
				CLANG_WARN_BOOL_CONVERSION = YES;
				CLANG_WARN_COMMA = YES;
				CLANG_WARN_CONSTANT_CONVERSION = YES;
				CLANG_WARN_DEPRECATED_OBJC_IMPLEMENTATIONS = YES;
				CLANG_WARN_DIRECT_OBJC_ISA_USAGE = YES_ERROR;
				CLANG_WARN_DOCUMENTATION_COMMENTS = YES;
				CLANG_WARN_EMPTY_BODY = YES;
				CLANG_WARN_ENUM_CONVERSION = YES;
				CLANG_WARN_INFINITE_RECURSION = YES;
				CLANG_WARN_INT_CONVERSION = YES;
				CLANG_WARN_NON_LITERAL_NULL_CONVERSION = YES;
				CLANG_WARN_OBJC_IMPLICIT_RETAIN_SELF = YES;
				CLANG_WARN_OBJC_LITERAL_CONVERSION = YES;
				CLANG_WARN_OBJC_ROOT_CLASS = YES_ERROR;
				CLANG_WARN_QUOTED_INCLUDE_IN_FRAMEWORK_HEADER = YES;
				CLANG_WARN_RANGE_LOOP_ANALYSIS = YES;
				CLANG_WARN_STRICT_PROTOTYPES = YES;
				CLANG_WARN_SUSPICIOUS_MOVE = YES;
				CLANG_WARN_UNGUARDED_AVAILABILITY = YES_AGGRESSIVE;
				CLANG_WARN_UNREACHABLE_CODE = YES;
				CLANG_WARN__DUPLICATE_METHOD_MATCH = YES;
				COPY_PHASE_STRIP = NO;
				DEBUG_INFORMATION_FORMAT = "dwarf-with-dsym";
				ENABLE_NS_ASSERTIONS = NO;
				ENABLE_STRICT_OBJC_MSGSEND = YES;
				ENABLE_USER_SCRIPT_SANDBOXING = YES;
				GCC_C_LANGUAGE_STANDARD = gnu17;
				GCC_NO_COMMON_BLOCKS = YES;
				GCC_WARN_64_TO_32_BIT_CONVERSION = YES;
				GCC_WARN_ABOUT_RETURN_TYPE = YES_ERROR;
				GCC_WARN_UNDECLARED_SELECTOR = YES;
				GCC_WARN_UNINITIALIZED_AUTOS = YES_AGGRESSIVE;
				GCC_WARN_UNUSED_FUNCTION = YES;
				GCC_WARN_UNUSED_VARIABLE = YES;
				IPHONEOS_DEPLOYMENT_TARGET = 17.0;
				LOCALIZATION_PREFERS_STRING_CATALOGS = YES;
				MTL_ENABLE_DEBUG_INFO = NO;
				MTL_FAST_MATH = YES;
				SDKROOT = iphoneos;
				SWIFT_COMPILATION_MODE = wholemodule;
				VALIDATE_PRODUCT = YES;
			};
			name = Release;
		};
		04564B9F2B27456800A6D7ED /* Debug */ = {
			isa = XCBuildConfiguration;
			buildSettings = {
				ASSETCATALOG_COMPILER_APPICON_NAME = AppIcon;
				ASSETCATALOG_COMPILER_GLOBAL_ACCENT_COLOR_NAME = AccentColor;
				CODE_SIGN_STYLE = Automatic;
				CURRENT_PROJECT_VERSION = 1;
				DEVELOPMENT_ASSET_PATHS = "\"thecoffeeshop/Preview Content\"";
				DEVELOPMENT_TEAM = 88CJVVTJ6U;
				ENABLE_PREVIEWS = YES;
				ENABLE_USER_SCRIPT_SANDBOXING = NO;
				GENERATE_INFOPLIST_FILE = YES;
				INFOPLIST_KEY_UIApplicationSceneManifest_Generation = YES;
				INFOPLIST_KEY_UIApplicationSupportsIndirectInputEvents = YES;
				INFOPLIST_KEY_UILaunchScreen_Generation = YES;
				INFOPLIST_KEY_UISupportedInterfaceOrientations_iPad = "UIInterfaceOrientationPortrait UIInterfaceOrientationPortraitUpsideDown UIInterfaceOrientationLandscapeLeft UIInterfaceOrientationLandscapeRight";
				INFOPLIST_KEY_UISupportedInterfaceOrientations_iPhone = "UIInterfaceOrientationPortrait UIInterfaceOrientationLandscapeLeft UIInterfaceOrientationLandscapeRight";
				LD_RUNPATH_SEARCH_PATHS = (
					"$(inherited)",
					"@executable_path/Frameworks",
				);
				MARKETING_VERSION = 1.0;
				PRODUCT_BUNDLE_IDENTIFIER = sia.thecoffeeshop;
				PRODUCT_NAME = "$(TARGET_NAME)";
				SWIFT_EMIT_LOC_STRINGS = YES;
				SWIFT_VERSION = 5.0;
				TARGETED_DEVICE_FAMILY = "1,2";
			};
			name = Debug;
		};
		04564BA02B27456800A6D7ED /* Release */ = {
			isa = XCBuildConfiguration;
			buildSettings = {
				ASSETCATALOG_COMPILER_APPICON_NAME = AppIcon;
				ASSETCATALOG_COMPILER_GLOBAL_ACCENT_COLOR_NAME = AccentColor;
				CODE_SIGN_STYLE = Automatic;
				CURRENT_PROJECT_VERSION = 1;
				DEVELOPMENT_ASSET_PATHS = "\"thecoffeeshop/Preview Content\"";
				DEVELOPMENT_TEAM = 88CJVVTJ6U;
				ENABLE_PREVIEWS = YES;
				ENABLE_USER_SCRIPT_SANDBOXING = NO;
				GENERATE_INFOPLIST_FILE = YES;
				INFOPLIST_KEY_UIApplicationSceneManifest_Generation = YES;
				INFOPLIST_KEY_UIApplicationSupportsIndirectInputEvents = YES;
				INFOPLIST_KEY_UILaunchScreen_Generation = YES;
				INFOPLIST_KEY_UISupportedInterfaceOrientations_iPad = "UIInterfaceOrientationPortrait UIInterfaceOrientationPortraitUpsideDown UIInterfaceOrientationLandscapeLeft UIInterfaceOrientationLandscapeRight";
				INFOPLIST_KEY_UISupportedInterfaceOrientations_iPhone = "UIInterfaceOrientationPortrait UIInterfaceOrientationLandscapeLeft UIInterfaceOrientationLandscapeRight";
				LD_RUNPATH_SEARCH_PATHS = (
					"$(inherited)",
					"@executable_path/Frameworks",
				);
				MARKETING_VERSION = 1.0;
				PRODUCT_BUNDLE_IDENTIFIER = sia.thecoffeeshop;
				PRODUCT_NAME = "$(TARGET_NAME)";
				SWIFT_EMIT_LOC_STRINGS = YES;
				SWIFT_VERSION = 5.0;
				TARGETED_DEVICE_FAMILY = "1,2";
			};
			name = Release;
		};
/* End XCBuildConfiguration section */

/* Begin XCConfigurationList section */
		04564B752B27456700A6D7ED /* Build configuration list for PBXProject "thecoffeeshop" */ = {
			isa = XCConfigurationList;
			buildConfigurations = (
				04564B9C2B27456800A6D7ED /* Debug */,
				04564B9D2B27456800A6D7ED /* Release */,
			);
			defaultConfigurationIsVisible = 0;
			defaultConfigurationName = Release;
		};
		04564B9E2B27456800A6D7ED /* Build configuration list for PBXNativeTarget "thecoffeeshop" */ = {
			isa = XCConfigurationList;
			buildConfigurations = (
				04564B9F2B27456800A6D7ED /* Debug */,
				04564BA02B27456800A6D7ED /* Release */,
			);
			defaultConfigurationIsVisible = 0;
			defaultConfigurationName = Release;
		};
/* End XCConfigurationList section */

/* Begin XCRemoteSwiftPackageReference section */
		C091B84B2B3973E400D2349A /* XCRemoteSwiftPackageReference "swiftui-cached-async-image" */ = {
			isa = XCRemoteSwiftPackageReference;
			repositoryURL = "https://github.com/lorenzofiamingo/swiftui-cached-async-image";
			requirement = {
				kind = upToNextMajorVersion;
				minimumVersion = 2.1.1;
			};
		};
/* End XCRemoteSwiftPackageReference section */

/* Begin XCSwiftPackageProductDependency section */
		C091B84C2B3973E400D2349A /* CachedAsyncImage */ = {
			isa = XCSwiftPackageProductDependency;
			package = C091B84B2B3973E400D2349A /* XCRemoteSwiftPackageReference "swiftui-cached-async-image" */;
			productName = CachedAsyncImage;
		};
/* End XCSwiftPackageProductDependency section */
	};
	rootObject = 04564B722B27456700A6D7ED /* Project object */;
}
